
Microsoft Visual Studio Solution File, Format Version 12.00
# Visual Studio 15
VisualStudioVersion = 15.0.28010.2036
MinimumVisualStudioVersion = 10.0.40219.1
Project("{FAE04EC0-301F-11D3-BF4B-00C04F79EFBC}") = "Homework2", "Homework2\Homework2.csproj", "{2DFBE420-2CC7-4AC2-A399-477B8C840425}"
EndProject
Global
	GlobalSection(SolutionConfigurationPlatforms) = preSolution
		Debug|Any CPU = Debug|Any CPU
		Release|Any CPU = Release|Any CPU
	EndGlobalSection
	GlobalSection(ProjectConfigurationPlatforms) = postSolution
		{2DFBE420-2CC7-4AC2-A399-477B8C840425}.Debug|Any CPU.ActiveCfg = Debug|Any CPU
		{2DFBE420-2CC7-4AC2-A399-477B8C840425}.Debug|Any CPU.Build.0 = Debug|Any CPU
		{2DFBE420-2CC7-4AC2-A399-477B8C840425}.Release|Any CPU.ActiveCfg = Release|Any CPU
		{2DFBE420-2CC7-4AC2-A399-477B8C840425}.Release|Any CPU.Build.0 = Release|Any CPU
	EndGlobalSection
	GlobalSection(SolutionProperties) = preSolution
		HideSolutionNode = FALSE
	EndGlobalSection
	GlobalSection(ExtensibilityGlobals) = postSolution
		SolutionGuid = {5009C628-A334-48A7-833B-D1C069DEC9B5}
	EndGlobalSection
EndGlobal
