
Microsoft Visual Studio Solution File, Format Version 12.00
# Visual Studio 15
VisualStudioVersion = 15.0.28010.2026
MinimumVisualStudioVersion = 10.0.40219.1
Project("{FAE04EC0-301F-11D3-BF4B-00C04F79EFBC}") = "Test1", "Test1\Test1.csproj", "{ECAA8FAB-ED89-4529-923E-467FA9FA855A}"
EndProject
Global
	GlobalSection(SolutionConfigurationPlatforms) = preSolution
		Debug|Any CPU = Debug|Any CPU
		Release|Any CPU = Release|Any CPU
	EndGlobalSection
	GlobalSection(ProjectConfigurationPlatforms) = postSolution
		{ECAA8FAB-ED89-4529-923E-467FA9FA855A}.Debug|Any CPU.ActiveCfg = Debug|Any CPU
		{ECAA8FAB-ED89-4529-923E-467FA9FA855A}.Debug|Any CPU.Build.0 = Debug|Any CPU
		{ECAA8FAB-ED89-4529-923E-467FA9FA855A}.Release|Any CPU.ActiveCfg = Release|Any CPU
		{ECAA8FAB-ED89-4529-923E-467FA9FA855A}.Release|Any CPU.Build.0 = Release|Any CPU
	EndGlobalSection
	GlobalSection(SolutionProperties) = preSolution
		HideSolutionNode = FALSE
	EndGlobalSection
	GlobalSection(ExtensibilityGlobals) = postSolution
		SolutionGuid = {35EF4E02-0F23-45D7-8837-FE4F3F1CE220}
	EndGlobalSection
EndGlobal
