
Microsoft Visual Studio Solution File, Format Version 12.00
# Visual Studio 15
VisualStudioVersion = 15.0.28010.2036
MinimumVisualStudioVersion = 10.0.40219.1
Project("{FAE04EC0-301F-11D3-BF4B-00C04F79EFBC}") = "Test2", "Test2\Test2.csproj", "{2848373E-131E-4E52-A1BD-A97844CB77DB}"
EndProject
Global
	GlobalSection(SolutionConfigurationPlatforms) = preSolution
		Debug|Any CPU = Debug|Any CPU
		Release|Any CPU = Release|Any CPU
	EndGlobalSection
	GlobalSection(ProjectConfigurationPlatforms) = postSolution
		{2848373E-131E-4E52-A1BD-A97844CB77DB}.Debug|Any CPU.ActiveCfg = Debug|Any CPU
		{2848373E-131E-4E52-A1BD-A97844CB77DB}.Debug|Any CPU.Build.0 = Debug|Any CPU
		{2848373E-131E-4E52-A1BD-A97844CB77DB}.Release|Any CPU.ActiveCfg = Release|Any CPU
		{2848373E-131E-4E52-A1BD-A97844CB77DB}.Release|Any CPU.Build.0 = Release|Any CPU
	EndGlobalSection
	GlobalSection(SolutionProperties) = preSolution
		HideSolutionNode = FALSE
	EndGlobalSection
	GlobalSection(ExtensibilityGlobals) = postSolution
		SolutionGuid = {49AE3701-ED20-4AA1-A2D3-8B460DEECD29}
	EndGlobalSection
EndGlobal
